
Microsoft Visual Studio Solution File, Format Version 12.00
# Visual Studio Version 17
VisualStudioVersion = 17.7.34003.232
MinimumVisualStudioVersion = 10.0.40219.1
Project("{FAE04EC0-301F-11D3-BF4B-00C04F79EFBC}") = "Etapa1", "Etapa1\Etapa1.csproj", "{8CEF3882-B06D-428E-BC09-C7546865A4F3}"
EndProject
Global
	GlobalSection(SolutionConfigurationPlatforms) = preSolution
		Debug|Any CPU = Debug|Any CPU
		Release|Any CPU = Release|Any CPU
	EndGlobalSection
	GlobalSection(ProjectConfigurationPlatforms) = postSolution
		{8CEF3882-B06D-428E-BC09-C7546865A4F3}.Debug|Any CPU.ActiveCfg = Debug|Any CPU
		{8CEF3882-B06D-428E-BC09-C7546865A4F3}.Debug|Any CPU.Build.0 = Debug|Any CPU
		{8CEF3882-B06D-428E-BC09-C7546865A4F3}.Release|Any CPU.ActiveCfg = Release|Any CPU
		{8CEF3882-B06D-428E-BC09-C7546865A4F3}.Release|Any CPU.Build.0 = Release|Any CPU
	EndGlobalSection
	GlobalSection(SolutionProperties) = preSolution
		HideSolutionNode = FALSE
	EndGlobalSection
	GlobalSection(ExtensibilityGlobals) = postSolution
		SolutionGuid = {7270DF4F-2328-4F88-989C-7DC58696C1EC}
	EndGlobalSection
EndGlobal
